
Microsoft Visual Studio Solution File, Format Version 12.00
# Visual Studio Version 17
VisualStudioVersion = 17.2.32630.192
MinimumVisualStudioVersion = 10.0.40219.1
Project("{2150E333-8FDC-42A3-9474-1A3956D46DE8}") = "FrontEnd", "FrontEnd", "{197C58DA-772F-416A-A3F4-DA1E3E57A341}"
EndProject
Project("{2150E333-8FDC-42A3-9474-1A3956D46DE8}") = "Services", "Services", "{D0716354-5FED-472D-8974-4CB6EA384B2A}"
EndProject
Project("{9A19103F-16F7-4668-BE54-9A1E7A4F7556}") = "Ecommerce.Web", "Ecommerce.Web\Ecommerce.Web.csproj", "{9FAF0312-A533-480F-BA76-202958640B0B}"
EndProject
Project("{9A19103F-16F7-4668-BE54-9A1E7A4F7556}") = "Ecommerce.ProductAPI", "Ecommmerce.ProductAPI\Ecommerce.ProductAPI.csproj", "{3ECB5951-574E-49ED-B97D-83B8C2F28D97}"
EndProject
Project("{9A19103F-16F7-4668-BE54-9A1E7A4F7556}") = "Ecommerce.IdentityServer", "Ecommerce.IdentityServer\Ecommerce.IdentityServer.csproj", "{60970FA1-021C-4175-B2CF-67490BE3775A}"
EndProject
Project("{9A19103F-16F7-4668-BE54-9A1E7A4F7556}") = "Ecommerce.CartAPI", "Ecommerce.CartAPI\Ecommerce.CartAPI.csproj", "{81A6BD63-89B2-43AE-B306-D954DE3EF273}"
EndProject
Project("{9A19103F-16F7-4668-BE54-9A1E7A4F7556}") = "Ecommerce.CouponAPI", "Ecommerce.CouponAPI\Ecommerce.CouponAPI.csproj", "{9EBFE75F-93D0-40A2-921E-F93DE7D29838}"
EndProject
Project("{2150E333-8FDC-42A3-9474-1A3956D46DE8}") = "Integration", "Integration", "{463131CC-F785-4D66-B82A-F5D453804061}"
EndProject
Project("{FAE04EC0-301F-11D3-BF4B-00C04F79EFBC}") = "Ecommerce.MessageBus", "Ecommerce.MessageBus\Ecommerce.MessageBus.csproj", "{5F0117B4-9F2A-4116-83AC-823D737A829F}"
EndProject
Project("{FAE04EC0-301F-11D3-BF4B-00C04F79EFBC}") = "Ecommerce.OrderAPI", "Ecommerce.OrderAPI\Ecommerce.OrderAPI.csproj", "{34940A0A-D907-4772-AFF9-DE95A974B61B}"
EndProject
Global
	GlobalSection(SolutionConfigurationPlatforms) = preSolution
		Debug|Any CPU = Debug|Any CPU
		Release|Any CPU = Release|Any CPU
	EndGlobalSection
	GlobalSection(ProjectConfigurationPlatforms) = postSolution
		{9FAF0312-A533-480F-BA76-202958640B0B}.Debug|Any CPU.ActiveCfg = Debug|Any CPU
		{9FAF0312-A533-480F-BA76-202958640B0B}.Debug|Any CPU.Build.0 = Debug|Any CPU
		{9FAF0312-A533-480F-BA76-202958640B0B}.Release|Any CPU.ActiveCfg = Release|Any CPU
		{9FAF0312-A533-480F-BA76-202958640B0B}.Release|Any CPU.Build.0 = Release|Any CPU
		{3ECB5951-574E-49ED-B97D-83B8C2F28D97}.Debug|Any CPU.ActiveCfg = Debug|Any CPU
		{3ECB5951-574E-49ED-B97D-83B8C2F28D97}.Debug|Any CPU.Build.0 = Debug|Any CPU
		{3ECB5951-574E-49ED-B97D-83B8C2F28D97}.Release|Any CPU.ActiveCfg = Release|Any CPU
		{3ECB5951-574E-49ED-B97D-83B8C2F28D97}.Release|Any CPU.Build.0 = Release|Any CPU
		{60970FA1-021C-4175-B2CF-67490BE3775A}.Debug|Any CPU.ActiveCfg = Debug|Any CPU
		{60970FA1-021C-4175-B2CF-67490BE3775A}.Debug|Any CPU.Build.0 = Debug|Any CPU
		{60970FA1-021C-4175-B2CF-67490BE3775A}.Release|Any CPU.ActiveCfg = Release|Any CPU
		{60970FA1-021C-4175-B2CF-67490BE3775A}.Release|Any CPU.Build.0 = Release|Any CPU
		{81A6BD63-89B2-43AE-B306-D954DE3EF273}.Debug|Any CPU.ActiveCfg = Debug|Any CPU
		{81A6BD63-89B2-43AE-B306-D954DE3EF273}.Debug|Any CPU.Build.0 = Debug|Any CPU
		{81A6BD63-89B2-43AE-B306-D954DE3EF273}.Release|Any CPU.ActiveCfg = Release|Any CPU
		{81A6BD63-89B2-43AE-B306-D954DE3EF273}.Release|Any CPU.Build.0 = Release|Any CPU
		{9EBFE75F-93D0-40A2-921E-F93DE7D29838}.Debug|Any CPU.ActiveCfg = Debug|Any CPU
		{9EBFE75F-93D0-40A2-921E-F93DE7D29838}.Debug|Any CPU.Build.0 = Debug|Any CPU
		{9EBFE75F-93D0-40A2-921E-F93DE7D29838}.Release|Any CPU.ActiveCfg = Release|Any CPU
		{9EBFE75F-93D0-40A2-921E-F93DE7D29838}.Release|Any CPU.Build.0 = Release|Any CPU
		{5F0117B4-9F2A-4116-83AC-823D737A829F}.Debug|Any CPU.ActiveCfg = Debug|Any CPU
		{5F0117B4-9F2A-4116-83AC-823D737A829F}.Debug|Any CPU.Build.0 = Debug|Any CPU
		{5F0117B4-9F2A-4116-83AC-823D737A829F}.Release|Any CPU.ActiveCfg = Release|Any CPU
		{5F0117B4-9F2A-4116-83AC-823D737A829F}.Release|Any CPU.Build.0 = Release|Any CPU
		{34940A0A-D907-4772-AFF9-DE95A974B61B}.Debug|Any CPU.ActiveCfg = Debug|Any CPU
		{34940A0A-D907-4772-AFF9-DE95A974B61B}.Debug|Any CPU.Build.0 = Debug|Any CPU
		{34940A0A-D907-4772-AFF9-DE95A974B61B}.Release|Any CPU.ActiveCfg = Release|Any CPU
		{34940A0A-D907-4772-AFF9-DE95A974B61B}.Release|Any CPU.Build.0 = Release|Any CPU
	EndGlobalSection
	GlobalSection(SolutionProperties) = preSolution
		HideSolutionNode = FALSE
	EndGlobalSection
	GlobalSection(NestedProjects) = preSolution
		{9FAF0312-A533-480F-BA76-202958640B0B} = {197C58DA-772F-416A-A3F4-DA1E3E57A341}
		{3ECB5951-574E-49ED-B97D-83B8C2F28D97} = {D0716354-5FED-472D-8974-4CB6EA384B2A}
		{60970FA1-021C-4175-B2CF-67490BE3775A} = {D0716354-5FED-472D-8974-4CB6EA384B2A}
		{81A6BD63-89B2-43AE-B306-D954DE3EF273} = {D0716354-5FED-472D-8974-4CB6EA384B2A}
		{9EBFE75F-93D0-40A2-921E-F93DE7D29838} = {D0716354-5FED-472D-8974-4CB6EA384B2A}
		{5F0117B4-9F2A-4116-83AC-823D737A829F} = {463131CC-F785-4D66-B82A-F5D453804061}
		{34940A0A-D907-4772-AFF9-DE95A974B61B} = {D0716354-5FED-472D-8974-4CB6EA384B2A}
	EndGlobalSection
	GlobalSection(ExtensibilityGlobals) = postSolution
		SolutionGuid = {4E21A67C-9365-4035-A829-3597EC1D7794}
	EndGlobalSection
EndGlobal
